
Microsoft Visual Studio Solution File, Format Version 12.00
# Visual Studio Version 17
VisualStudioVersion = 17.7.34024.191
MinimumVisualStudioVersion = 10.0.40219.1
Project("{FAE04EC0-301F-11D3-BF4B-00C04F79EFBC}") = "Labb8 - OOP Generic Collections", "Labb8 - OOP Generic Collections.csproj", "{DC96B4EF-06BF-4CCF-8653-0E66599FDAAE}"
EndProject
Global
	GlobalSection(SolutionConfigurationPlatforms) = preSolution
		Debug|Any CPU = Debug|Any CPU
		Release|Any CPU = Release|Any CPU
	EndGlobalSection
	GlobalSection(ProjectConfigurationPlatforms) = postSolution
		{DC96B4EF-06BF-4CCF-8653-0E66599FDAAE}.Debug|Any CPU.ActiveCfg = Debug|Any CPU
		{DC96B4EF-06BF-4CCF-8653-0E66599FDAAE}.Debug|Any CPU.Build.0 = Debug|Any CPU
		{DC96B4EF-06BF-4CCF-8653-0E66599FDAAE}.Release|Any CPU.ActiveCfg = Release|Any CPU
		{DC96B4EF-06BF-4CCF-8653-0E66599FDAAE}.Release|Any CPU.Build.0 = Release|Any CPU
	EndGlobalSection
	GlobalSection(SolutionProperties) = preSolution
		HideSolutionNode = FALSE
	EndGlobalSection
	GlobalSection(ExtensibilityGlobals) = postSolution
		SolutionGuid = {F56A4EFB-35EC-48E3-8EF9-690C9EBA16FA}
	EndGlobalSection
EndGlobal
